// !$*UTF8*$!
{
	archiveVersion = 1;
	classes = {
	};
	objectVersion = 46;
	objects = {

/* Begin PBXBuildFile section */
		42B6DEDB1BD5850F005D1EA8 /* main.m in Sources */ = {isa = PBXBuildFile; fileRef = 42B6DEDA1BD5850F005D1EA8 /* main.m */; };
		42B6DEDE1BD5850F005D1EA8 /* AppDelegate.m in Sources */ = {isa = PBXBuildFile; fileRef = 42B6DEDD1BD5850F005D1EA8 /* AppDelegate.m */; };
		42B6DEE11BD5850F005D1EA8 /* ViewController.m in Sources */ = {isa = PBXBuildFile; fileRef = 42B6DEE01BD5850F005D1EA8 /* ViewController.m */; };
		42B6DEE61BD5850F005D1EA8 /* Assets.xcassets in Resources */ = {isa = PBXBuildFile; fileRef = 42B6DEE51BD5850F005D1EA8 /* Assets.xcassets */; };
		42B6DEE91BD5850F005D1EA8 /* LaunchScreen.storyboard in Resources */ = {isa = PBXBuildFile; fileRef = 42B6DEE71BD5850F005D1EA8 /* LaunchScreen.storyboard */; };
		EF03674D1BD72B3300D95828 /* ReminderList.m in Sources */ = {isa = PBXBuildFile; fileRef = EF03674C1BD72B3300D95828 /* ReminderList.m */; settings = {ASSET_TAGS = (); }; };
		EF0367511BD73BD600D95828 /* Reminder.m in Sources */ = {isa = PBXBuildFile; fileRef = EF0367501BD73BD600D95828 /* Reminder.m */; settings = {ASSET_TAGS = (); }; };
/* End PBXBuildFile section */

/* Begin PBXFileReference section */
		42B6DED61BD5850F005D1EA8 /* Mynah.app */ = {isa = PBXFileReference; explicitFileType = wrapper.application; includeInIndex = 0; path = Mynah.app; sourceTree = BUILT_PRODUCTS_DIR; };
		42B6DEDA1BD5850F005D1EA8 /* main.m */ = {isa = PBXFileReference; lastKnownFileType = sourcecode.c.objc; path = main.m; sourceTree = "<group>"; };
		42B6DEDC1BD5850F005D1EA8 /* AppDelegate.h */ = {isa = PBXFileReference; lastKnownFileType = sourcecode.c.h; path = AppDelegate.h; sourceTree = "<group>"; };
		42B6DEDD1BD5850F005D1EA8 /* AppDelegate.m */ = {isa = PBXFileReference; lastKnownFileType = sourcecode.c.objc; path = AppDelegate.m; sourceTree = "<group>"; };
		42B6DEDF1BD5850F005D1EA8 /* ViewController.h */ = {isa = PBXFileReference; lastKnownFileType = sourcecode.c.h; name = ViewController.h; path = UI/ViewController.h; sourceTree = "<group>"; };
		42B6DEE01BD5850F005D1EA8 /* ViewController.m */ = {isa = PBXFileReference; lastKnownFileType = sourcecode.c.objc; name = ViewController.m; path = UI/ViewController.m; sourceTree = "<group>"; };
		42B6DEE51BD5850F005D1EA8 /* Assets.xcassets */ = {isa = PBXFileReference; lastKnownFileType = folder.assetcatalog; path = Assets.xcassets; sourceTree = "<group>"; };
		42B6DEE81BD5850F005D1EA8 /* Base */ = {isa = PBXFileReference; lastKnownFileType = file.storyboard; name = Base; path = Base.lproj/LaunchScreen.storyboard; sourceTree = "<group>"; };
		42B6DEEA1BD5850F005D1EA8 /* Info.plist */ = {isa = PBXFileReference; lastKnownFileType = text.plist.xml; path = Info.plist; sourceTree = "<group>"; };
		EF03674B1BD72B3300D95828 /* ReminderList.h */ = {isa = PBXFileReference; fileEncoding = 4; lastKnownFileType = sourcecode.c.h; path = ReminderList.h; sourceTree = "<group>"; };
		EF03674C1BD72B3300D95828 /* ReminderList.m */ = {isa = PBXFileReference; fileEncoding = 4; lastKnownFileType = sourcecode.c.objc; path = ReminderList.m; sourceTree = "<group>"; };
		EF03674F1BD73BD600D95828 /* Reminder.h */ = {isa = PBXFileReference; fileEncoding = 4; lastKnownFileType = sourcecode.c.h; path = Reminder.h; sourceTree = "<group>"; };
		EF0367501BD73BD600D95828 /* Reminder.m */ = {isa = PBXFileReference; fileEncoding = 4; lastKnownFileType = sourcecode.c.objc; path = Reminder.m; sourceTree = "<group>"; };
/* End PBXFileReference section */

/* Begin PBXFrameworksBuildPhase section */
		42B6DED31BD5850F005D1EA8 /* Frameworks */ = {
			isa = PBXFrameworksBuildPhase;
			buildActionMask = 2147483647;
			files = (
			);
			runOnlyForDeploymentPostprocessing = 0;
		};
/* End PBXFrameworksBuildPhase section */

/* Begin PBXGroup section */
		42B6DECD1BD5850F005D1EA8 = {
			isa = PBXGroup;
			children = (
				42B6DED81BD5850F005D1EA8 /* Mynah */,
				42B6DED71BD5850F005D1EA8 /* Products */,
			);
			sourceTree = "<group>";
		};
		42B6DED71BD5850F005D1EA8 /* Products */ = {
			isa = PBXGroup;
			children = (
				42B6DED61BD5850F005D1EA8 /* Mynah.app */,
			);
			name = Products;
			sourceTree = "<group>";
		};
		42B6DED81BD5850F005D1EA8 /* Mynah */ = {
			isa = PBXGroup;
			children = (
				42B6DEF21BD5855B005D1EA8 /* Model */,
				42B6DEF11BD58557005D1EA8 /* UI */,
				42B6DEDC1BD5850F005D1EA8 /* AppDelegate.h */,
				42B6DEDD1BD5850F005D1EA8 /* AppDelegate.m */,
				42B6DEE51BD5850F005D1EA8 /* Assets.xcassets */,
				42B6DEE71BD5850F005D1EA8 /* LaunchScreen.storyboard */,
				42B6DEEA1BD5850F005D1EA8 /* Info.plist */,
				42B6DED91BD5850F005D1EA8 /* Supporting Files */,
			);
			path = Mynah;
			sourceTree = "<group>";
		};
		42B6DED91BD5850F005D1EA8 /* Supporting Files */ = {
			isa = PBXGroup;
			children = (
				42B6DEDA1BD5850F005D1EA8 /* main.m */,
			);
			name = "Supporting Files";
			sourceTree = "<group>";
		};
		42B6DEF11BD58557005D1EA8 /* UI */ = {
			isa = PBXGroup;
			children = (
				42B6DEDF1BD5850F005D1EA8 /* ViewController.h */,
				42B6DEE01BD5850F005D1EA8 /* ViewController.m */,
			);
			name = UI;
			sourceTree = "<group>";
		};
		42B6DEF21BD5855B005D1EA8 /* Model */ = {
			isa = PBXGroup;
			children = (
				EF03674B1BD72B3300D95828 /* ReminderList.h */,
				EF03674C1BD72B3300D95828 /* ReminderList.m */,
				EF03674F1BD73BD600D95828 /* Reminder.h */,
				EF0367501BD73BD600D95828 /* Reminder.m */,
			);
			name = Model;
			sourceTree = "<group>";
		};
/* End PBXGroup section */

/* Begin PBXNativeTarget section */
		42B6DED51BD5850F005D1EA8 /* Mynah */ = {
			isa = PBXNativeTarget;
			buildConfigurationList = 42B6DEED1BD5850F005D1EA8 /* Build configuration list for PBXNativeTarget "Mynah" */;
			buildPhases = (
				42B6DED21BD5850F005D1EA8 /* Sources */,
				42B6DED31BD5850F005D1EA8 /* Frameworks */,
				42B6DED41BD5850F005D1EA8 /* Resources */,
			);
			buildRules = (
			);
			dependencies = (
			);
			name = Mynah;
			productName = Mynah;
			productReference = 42B6DED61BD5850F005D1EA8 /* Mynah.app */;
			productType = "com.apple.product-type.application";
		};
/* End PBXNativeTarget section */

/* Begin PBXProject section */
		42B6DECE1BD5850F005D1EA8 /* Project object */ = {
			isa = PBXProject;
			attributes = {
				LastUpgradeCheck = 0700;
				ORGANIZATIONNAME = Nowhereville;
				TargetAttributes = {
					42B6DED51BD5850F005D1EA8 = {
						CreatedOnToolsVersion = 7.0.1;
					};
				};
			};
			buildConfigurationList = 42B6DED11BD5850F005D1EA8 /* Build configuration list for PBXProject "Mynah" */;
			compatibilityVersion = "Xcode 3.2";
			developmentRegion = English;
			hasScannedForEncodings = 0;
			knownRegions = (
				en,
				Base,
			);
			mainGroup = 42B6DECD1BD5850F005D1EA8;
			productRefGroup = 42B6DED71BD5850F005D1EA8 /* Products */;
			projectDirPath = "";
			projectRoot = "";
			targets = (
				42B6DED51BD5850F005D1EA8 /* Mynah */,
			);
		};
/* End PBXProject section */

/* Begin PBXResourcesBuildPhase section */
		42B6DED41BD5850F005D1EA8 /* Resources */ = {
			isa = PBXResourcesBuildPhase;
			buildActionMask = 2147483647;
			files = (
				42B6DEE91BD5850F005D1EA8 /* LaunchScreen.storyboard in Resources */,
				42B6DEE61BD5850F005D1EA8 /* Assets.xcassets in Resources */,
			);
			runOnlyForDeploymentPostprocessing = 0;
		};
/* End PBXResourcesBuildPhase section */

/* Begin PBXSourcesBuildPhase section */
		42B6DED21BD5850F005D1EA8 /* Sources */ = {
			isa = PBXSourcesBuildPhase;
			buildActionMask = 2147483647;
			files = (
				42B6DEE11BD5850F005D1EA8 /* ViewController.m in Sources */,
				42B6DEDE1BD5850F005D1EA8 /* AppDelegate.m in Sources */,
				42B6DEDB1BD5850F005D1EA8 /* main.m in Sources */,
				EF0367511BD73BD600D95828 /* Reminder.m in Sources */,
				EF03674D1BD72B3300D95828 /* ReminderList.m in Sources */,
			);
			runOnlyForDeploymentPostprocessing = 0;
		};
/* End PBXSourcesBuildPhase section */

/* Begin PBXVariantGroup section */
		42B6DEE71BD5850F005D1EA8 /* LaunchScreen.storyboard */ = {
			isa = PBXVariantGroup;
			children = (
				42B6DEE81BD5850F005D1EA8 /* Base */,
			);
			name = LaunchScreen.storyboard;
			sourceTree = "<group>";
		};
/* End PBXVariantGroup section */

/* Begin XCBuildConfiguration section */
		42B6DEEB1BD5850F005D1EA8 /* Debug */ = {
			isa = XCBuildConfiguration;
			buildSettings = {
				ALWAYS_SEARCH_USER_PATHS = NO;
				CLANG_CXX_LANGUAGE_STANDARD = "gnu++0x";
				CLANG_CXX_LIBRARY = "libc++";
				CLANG_ENABLE_MODULES = YES;
				CLANG_ENABLE_OBJC_ARC = YES;
				CLANG_WARN_BOOL_CONVERSION = YES;
				CLANG_WARN_CONSTANT_CONVERSION = YES;
				CLANG_WARN_DIRECT_OBJC_ISA_USAGE = YES_ERROR;
				CLANG_WARN_EMPTY_BODY = YES;
				CLANG_WARN_ENUM_CONVERSION = YES;
				CLANG_WARN_INT_CONVERSION = YES;
				CLANG_WARN_OBJC_ROOT_CLASS = YES_ERROR;
				CLANG_WARN_UNREACHABLE_CODE = YES;
				CLANG_WARN__DUPLICATE_METHOD_MATCH = YES;
				"CODE_SIGN_IDENTITY[sdk=iphoneos*]" = "iPhone Developer";
				COPY_PHASE_STRIP = NO;
				DEBUG_INFORMATION_FORMAT = dwarf;
				ENABLE_STRICT_OBJC_MSGSEND = YES;
				ENABLE_TESTABILITY = YES;
				GCC_C_LANGUAGE_STANDARD = gnu99;
				GCC_DYNAMIC_NO_PIC = NO;
				GCC_NO_COMMON_BLOCKS = YES;
				GCC_OPTIMIZATION_LEVEL = 0;
				GCC_PREPROCESSOR_DEFINITIONS = (
					"DEBUG=1",
					"$(inherited)",
				);
				GCC_WARN_64_TO_32_BIT_CONVERSION = YES;
				GCC_WARN_ABOUT_RETURN_TYPE = YES_ERROR;
				GCC_WARN_UNDECLARED_SELECTOR = YES;
				GCC_WARN_UNINITIALIZED_AUTOS = YES_AGGRESSIVE;
				GCC_WARN_UNUSED_FUNCTION = YES;
				GCC_WARN_UNUSED_VARIABLE = YES;
				IPHONEOS_DEPLOYMENT_TARGET = 9.0;
				MTL_ENABLE_DEBUG_INFO = YES;
				ONLY_ACTIVE_ARCH = YES;
				SDKROOT = iphoneos;
			};
			name = Debug;
		};
		42B6DEEC1BD5850F005D1EA8 /* Release */ = {
			isa = XCBuildConfiguration;
			buildSettings = {
				ALWAYS_SEARCH_USER_PATHS = NO;
				CLANG_CXX_LANGUAGE_STANDARD = "gnu++0x";
				CLANG_CXX_LIBRARY = "libc++";
				CLANG_ENABLE_MODULES = YES;
				CLANG_ENABLE_OBJC_ARC = YES;
				CLANG_WARN_BOOL_CONVERSION = YES;
				CLANG_WARN_CONSTANT_CONVERSION = YES;
				CLANG_WARN_DIRECT_OBJC_ISA_USAGE = YES_ERROR;
				CLANG_WARN_EMPTY_BODY = YES;
				CLANG_WARN_ENUM_CONVERSION = YES;
				CLANG_WARN_INT_CONVERSION = YES;
				CLANG_WARN_OBJC_ROOT_CLASS = YES_ERROR;
				CLANG_WARN_UNREACHABLE_CODE = YES;
				CLANG_WARN__DUPLICATE_METHOD_MATCH = YES;
				"CODE_SIGN_IDENTITY[sdk=iphoneos*]" = "iPhone Developer";
				COPY_PHASE_STRIP = NO;
				DEBUG_INFORMATION_FORMAT = "dwarf-with-dsym";
				ENABLE_NS_ASSERTIONS = NO;
				ENABLE_STRICT_OBJC_MSGSEND = YES;
				GCC_C_LANGUAGE_STANDARD = gnu99;
				GCC_NO_COMMON_BLOCKS = YES;
				GCC_WARN_64_TO_32_BIT_CONVERSION = YES;
				GCC_WARN_ABOUT_RETURN_TYPE = YES_ERROR;
				GCC_WARN_UNDECLARED_SELECTOR = YES;
				GCC_WARN_UNINITIALIZED_AUTOS = YES_AGGRESSIVE;
				GCC_WARN_UNUSED_FUNCTION = YES;
				GCC_WARN_UNUSED_VARIABLE = YES;
				IPHONEOS_DEPLOYMENT_TARGET = 9.0;
				MTL_ENABLE_DEBUG_INFO = NO;
				SDKROOT = iphoneos;
				VALIDATE_PRODUCT = YES;
			};
			name = Release;
		};
		42B6DEEE1BD5850F005D1EA8 /* Debug */ = {
			isa = XCBuildConfiguration;
			buildSettings = {
				ASSETCATALOG_COMPILER_APPICON_NAME = AppIcon;
				INFOPLIST_FILE = Mynah/Info.plist;
				LD_RUNPATH_SEARCH_PATHS = "$(inherited) @executable_path/Frameworks";
				PRODUCT_BUNDLE_IDENTIFIER = org.nowhereville.Mynah;
				PRODUCT_NAME = "$(TARGET_NAME)";
			};
			name = Debug;
		};
		42B6DEEF1BD5850F005D1EA8 /* Release */ = {
			isa = XCBuildConfiguration;
			buildSettings = {
				ASSETCATALOG_COMPILER_APPICON_NAME = AppIcon;
				INFOPLIST_FILE = Mynah/Info.plist;
				LD_RUNPATH_SEARCH_PATHS = "$(inherited) @executable_path/Frameworks";
				PRODUCT_BUNDLE_IDENTIFIER = org.nowhereville.Mynah;
				PRODUCT_NAME = "$(TARGET_NAME)";
			};
			name = Release;
		};
/* End XCBuildConfiguration section */

/* Begin XCConfigurationList section */
		42B6DED11BD5850F005D1EA8 /* Build configuration list for PBXProject "Mynah" */ = {
			isa = XCConfigurationList;
			buildConfigurations = (
				42B6DEEB1BD5850F005D1EA8 /* Debug */,
				42B6DEEC1BD5850F005D1EA8 /* Release */,
			);
			defaultConfigurationIsVisible = 0;
			defaultConfigurationName = Release;
		};
		42B6DEED1BD5850F005D1EA8 /* Build configuration list for PBXNativeTarget "Mynah" */ = {
			isa = XCConfigurationList;
			buildConfigurations = (
				42B6DEEE1BD5850F005D1EA8 /* Debug */,
				42B6DEEF1BD5850F005D1EA8 /* Release */,
			);
			defaultConfigurationIsVisible = 0;
			defaultConfigurationName = Release;
		};
/* End XCConfigurationList section */
	};
	rootObject = 42B6DECE1BD5850F005D1EA8 /* Project object */;
}
